
Microsoft Visual Studio Solution File, Format Version 12.00
# Visual Studio Version 16
VisualStudioVersion = 16.0.29519.87
MinimumVisualStudioVersion = 10.0.40219.1
Project("{9A19103F-16F7-4668-BE54-9A1E7A4F7556}") = "BlazorServerTestApp", "BlazorServerTestApp\BlazorServerTestApp.csproj", "{DCB7A404-DB16-48F4-9FBC-AA7D9219E318}"
EndProject
Global
	GlobalSection(SolutionConfigurationPlatforms) = preSolution
		Debug|Any CPU = Debug|Any CPU
		Release|Any CPU = Release|Any CPU
	EndGlobalSection
	GlobalSection(ProjectConfigurationPlatforms) = postSolution
		{DCB7A404-DB16-48F4-9FBC-AA7D9219E318}.Debug|Any CPU.ActiveCfg = Debug|Any CPU
		{DCB7A404-DB16-48F4-9FBC-AA7D9219E318}.Debug|Any CPU.Build.0 = Debug|Any CPU
		{DCB7A404-DB16-48F4-9FBC-AA7D9219E318}.Release|Any CPU.ActiveCfg = Release|Any CPU
		{DCB7A404-DB16-48F4-9FBC-AA7D9219E318}.Release|Any CPU.Build.0 = Release|Any CPU
	EndGlobalSection
	GlobalSection(SolutionProperties) = preSolution
		HideSolutionNode = FALSE
	EndGlobalSection
	GlobalSection(ExtensibilityGlobals) = postSolution
		SolutionGuid = {0B73F1E9-8B6C-4963-A5BB-05908976C489}
	EndGlobalSection
EndGlobal
